{
  "requires": true,
  "lockfileVersion": 1,
  "dependencies": {
    "paper-css": {
      "version": "0.4.1",
      "resolved": "https://registry.npmjs.org/paper-css/-/paper-css-0.4.1.tgz",
      "integrity": "sha512-7gOjG4Hzy/ZGG/+tn8weFtSHWtQvSpkeJpFsH0nLqjXiH50zFyhajHggLEZd0hpCoYBhg5pRH5Lrg9p3EnDl2A=="
    }
  }
}
