{
  "requires": true,
  "lockfileVersion": 1,
  "dependencies": {
    "mustache": {
      "version": "4.0.0",
      "resolved": "https://registry.npmjs.org/mustache/-/mustache-4.0.0.tgz",
      "integrity": "sha512-FJgjyX/IVkbXBXYUwH+OYwQKqWpFPLaLVESd70yHjSDunwzV2hZOoTBvPf4KLoxesUzzyfTH6F784Uqd7Wm5yA=="
    }
  }
}
